
Microsoft Visual Studio Solution File, Format Version 12.00
Project("{FAE04EC0-301F-11D3-BF4B-00C04F79EFBC}") = "StringsProject", "StringsProject\StringsProject.csproj", "{A383E85B-A118-420B-967A-7A01E6DB362D}"
EndProject
Project("{FAE04EC0-301F-11D3-BF4B-00C04F79EFBC}") = "NullableStrings", "NullableStrings\NullableStrings.csproj", "{CF2FFA3D-8C44-4A26-A80B-8DB50CA6C5A5}"
EndProject
Project("{FAE04EC0-301F-11D3-BF4B-00C04F79EFBC}") = "RegEx", "RegEx\RegEx.csproj", "{BE9A3C1C-A736-4294-89C7-D1D7A9A88D85}"
EndProject
Project("{FAE04EC0-301F-11D3-BF4B-00C04F79EFBC}") = "ValidateMobileRegEx", "ValidateMobileRegEx\ValidateMobileRegEx.csproj", "{BA1F3400-5508-436B-B6E0-F1463906EFE8}"
EndProject
Project("{FAE04EC0-301F-11D3-BF4B-00C04F79EFBC}") = "SlowNumbersConcat", "SlowNumbersConcat\SlowNumbersConcat.csproj", "{FCB1937E-52C0-44EA-BF6F-5E3EC0E28C83}"
EndProject
Project("{FAE04EC0-301F-11D3-BF4B-00C04F79EFBC}") = "FastNumbersConcat", "FastNumbersConcat\FastNumbersConcat.csproj", "{0A3FD6B3-0387-42C9-8301-DCBE689F9C73}"
EndProject
Global
	GlobalSection(SolutionConfigurationPlatforms) = preSolution
		Debug|Any CPU = Debug|Any CPU
		Release|Any CPU = Release|Any CPU
	EndGlobalSection
	GlobalSection(ProjectConfigurationPlatforms) = postSolution
		{A383E85B-A118-420B-967A-7A01E6DB362D}.Debug|Any CPU.ActiveCfg = Debug|Any CPU
		{A383E85B-A118-420B-967A-7A01E6DB362D}.Debug|Any CPU.Build.0 = Debug|Any CPU
		{A383E85B-A118-420B-967A-7A01E6DB362D}.Release|Any CPU.ActiveCfg = Release|Any CPU
		{A383E85B-A118-420B-967A-7A01E6DB362D}.Release|Any CPU.Build.0 = Release|Any CPU
		{CF2FFA3D-8C44-4A26-A80B-8DB50CA6C5A5}.Debug|Any CPU.ActiveCfg = Debug|Any CPU
		{CF2FFA3D-8C44-4A26-A80B-8DB50CA6C5A5}.Debug|Any CPU.Build.0 = Debug|Any CPU
		{CF2FFA3D-8C44-4A26-A80B-8DB50CA6C5A5}.Release|Any CPU.ActiveCfg = Release|Any CPU
		{CF2FFA3D-8C44-4A26-A80B-8DB50CA6C5A5}.Release|Any CPU.Build.0 = Release|Any CPU
		{BE9A3C1C-A736-4294-89C7-D1D7A9A88D85}.Debug|Any CPU.ActiveCfg = Debug|Any CPU
		{BE9A3C1C-A736-4294-89C7-D1D7A9A88D85}.Debug|Any CPU.Build.0 = Debug|Any CPU
		{BE9A3C1C-A736-4294-89C7-D1D7A9A88D85}.Release|Any CPU.ActiveCfg = Release|Any CPU
		{BE9A3C1C-A736-4294-89C7-D1D7A9A88D85}.Release|Any CPU.Build.0 = Release|Any CPU
		{BA1F3400-5508-436B-B6E0-F1463906EFE8}.Debug|Any CPU.ActiveCfg = Debug|Any CPU
		{BA1F3400-5508-436B-B6E0-F1463906EFE8}.Debug|Any CPU.Build.0 = Debug|Any CPU
		{BA1F3400-5508-436B-B6E0-F1463906EFE8}.Release|Any CPU.ActiveCfg = Release|Any CPU
		{BA1F3400-5508-436B-B6E0-F1463906EFE8}.Release|Any CPU.Build.0 = Release|Any CPU
		{FCB1937E-52C0-44EA-BF6F-5E3EC0E28C83}.Debug|Any CPU.ActiveCfg = Debug|Any CPU
		{FCB1937E-52C0-44EA-BF6F-5E3EC0E28C83}.Debug|Any CPU.Build.0 = Debug|Any CPU
		{FCB1937E-52C0-44EA-BF6F-5E3EC0E28C83}.Release|Any CPU.ActiveCfg = Release|Any CPU
		{FCB1937E-52C0-44EA-BF6F-5E3EC0E28C83}.Release|Any CPU.Build.0 = Release|Any CPU
		{0A3FD6B3-0387-42C9-8301-DCBE689F9C73}.Debug|Any CPU.ActiveCfg = Debug|Any CPU
		{0A3FD6B3-0387-42C9-8301-DCBE689F9C73}.Debug|Any CPU.Build.0 = Debug|Any CPU
		{0A3FD6B3-0387-42C9-8301-DCBE689F9C73}.Release|Any CPU.ActiveCfg = Release|Any CPU
		{0A3FD6B3-0387-42C9-8301-DCBE689F9C73}.Release|Any CPU.Build.0 = Release|Any CPU
	EndGlobalSection
EndGlobal
